
Microsoft Visual Studio Solution File, Format Version 12.00
# Visual Studio Version 17
VisualStudioVersion = 17.9.34714.143
MinimumVisualStudioVersion = 10.0.40219.1
Project("{FAE04EC0-301F-11D3-BF4B-00C04F79EFBC}") = "BrawlTCG-alpha", "BrawlTCG-alpha\BrawlTCG-alpha.csproj", "{4987F8E0-7BF8-480E-A30F-176D9245CC3F}"
EndProject
Global
	GlobalSection(SolutionConfigurationPlatforms) = preSolution
		Debug|Any CPU = Debug|Any CPU
		Release|Any CPU = Release|Any CPU
	EndGlobalSection
	GlobalSection(ProjectConfigurationPlatforms) = postSolution
		{4987F8E0-7BF8-480E-A30F-176D9245CC3F}.Debug|Any CPU.ActiveCfg = Debug|Any CPU
		{4987F8E0-7BF8-480E-A30F-176D9245CC3F}.Debug|Any CPU.Build.0 = Debug|Any CPU
		{4987F8E0-7BF8-480E-A30F-176D9245CC3F}.Release|Any CPU.ActiveCfg = Release|Any CPU
		{4987F8E0-7BF8-480E-A30F-176D9245CC3F}.Release|Any CPU.Build.0 = Release|Any CPU
	EndGlobalSection
	GlobalSection(SolutionProperties) = preSolution
		HideSolutionNode = FALSE
	EndGlobalSection
	GlobalSection(ExtensibilityGlobals) = postSolution
		SolutionGuid = {3F79E5DD-96CA-4C6B-BEF7-C80DD737A276}
	EndGlobalSection
EndGlobal
